
Microsoft Visual Studio Solution File, Format Version 12.00
# Visual Studio 2013
VisualStudioVersion = 12.0.21005.1
MinimumVisualStudioVersion = 10.0.40219.1
Project("{FAE04EC0-301F-11D3-BF4B-00C04F79EFBC}") = "CoffeeShop.RetailOrdering.Domain.UnitTests", "CoffeeShop.RetailOrdering.Domain.UnitTests\CoffeeShop.RetailOrdering.Domain.UnitTests.csproj", "{511CCD84-44C4-494B-8D3F-ABD8951E1633}"
EndProject
Project("{FAE04EC0-301F-11D3-BF4B-00C04F79EFBC}") = "CoffeeShop.Infrastructure", "CoffeeShop.Infrastructure\CoffeeShop.Infrastructure.csproj", "{61456886-D82D-4EA0-B598-3FE4DAE0F149}"
EndProject
Project("{FAE04EC0-301F-11D3-BF4B-00C04F79EFBC}") = "CoffeeShop.RetailOrdering.Domain", "CoffeeShop.RetailOrdering.Domain\CoffeeShop.RetailOrdering.Domain.csproj", "{10BD74D2-3C1D-4AF8-A71E-56D9EC778F92}"
EndProject
Global
	GlobalSection(SolutionConfigurationPlatforms) = preSolution
		Debug|Any CPU = Debug|Any CPU
		Release|Any CPU = Release|Any CPU
	EndGlobalSection
	GlobalSection(ProjectConfigurationPlatforms) = postSolution
		{511CCD84-44C4-494B-8D3F-ABD8951E1633}.Debug|Any CPU.ActiveCfg = Debug|Any CPU
		{511CCD84-44C4-494B-8D3F-ABD8951E1633}.Debug|Any CPU.Build.0 = Debug|Any CPU
		{511CCD84-44C4-494B-8D3F-ABD8951E1633}.Release|Any CPU.ActiveCfg = Release|Any CPU
		{511CCD84-44C4-494B-8D3F-ABD8951E1633}.Release|Any CPU.Build.0 = Release|Any CPU
		{61456886-D82D-4EA0-B598-3FE4DAE0F149}.Debug|Any CPU.ActiveCfg = Debug|Any CPU
		{61456886-D82D-4EA0-B598-3FE4DAE0F149}.Debug|Any CPU.Build.0 = Debug|Any CPU
		{61456886-D82D-4EA0-B598-3FE4DAE0F149}.Release|Any CPU.ActiveCfg = Release|Any CPU
		{61456886-D82D-4EA0-B598-3FE4DAE0F149}.Release|Any CPU.Build.0 = Release|Any CPU
		{10BD74D2-3C1D-4AF8-A71E-56D9EC778F92}.Debug|Any CPU.ActiveCfg = Debug|Any CPU
		{10BD74D2-3C1D-4AF8-A71E-56D9EC778F92}.Debug|Any CPU.Build.0 = Debug|Any CPU
		{10BD74D2-3C1D-4AF8-A71E-56D9EC778F92}.Release|Any CPU.ActiveCfg = Release|Any CPU
		{10BD74D2-3C1D-4AF8-A71E-56D9EC778F92}.Release|Any CPU.Build.0 = Release|Any CPU
	EndGlobalSection
	GlobalSection(SolutionProperties) = preSolution
		HideSolutionNode = FALSE
	EndGlobalSection
EndGlobal
